// !$*UTF8*$!
{
	archiveVersion = 1;
	classes = {
	};
	objectVersion = 50;
	objects = {

/* Begin PBXBuildFile section */
		EF36B35523F1A4C700B3557C /* AppDelegate.swift in Sources */ = {isa = PBXBuildFile; fileRef = EF36B35423F1A4C700B3557C /* AppDelegate.swift */; };
		EF36B35723F1A4C700B3557C /* SceneDelegate.swift in Sources */ = {isa = PBXBuildFile; fileRef = EF36B35623F1A4C700B3557C /* SceneDelegate.swift */; };
		EF36B35923F1A4C700B3557C /* ViewController.swift in Sources */ = {isa = PBXBuildFile; fileRef = EF36B35823F1A4C700B3557C /* ViewController.swift */; };
		EF36B35C23F1A4C700B3557C /* Main.storyboard in Resources */ = {isa = PBXBuildFile; fileRef = EF36B35A23F1A4C700B3557C /* Main.storyboard */; };
		EF36B35E23F1A4C800B3557C /* Assets.xcassets in Resources */ = {isa = PBXBuildFile; fileRef = EF36B35D23F1A4C800B3557C /* Assets.xcassets */; };
		EF36B36123F1A4C800B3557C /* LaunchScreen.storyboard in Resources */ = {isa = PBXBuildFile; fileRef = EF36B35F23F1A4C800B3557C /* LaunchScreen.storyboard */; };
		EF36B36A23F1A51A00B3557C /* PlayingCard.swift in Sources */ = {isa = PBXBuildFile; fileRef = EF36B36923F1A51A00B3557C /* PlayingCard.swift */; };
		EF36B36C23F1A94400B3557C /* PlayingCardDeck.swift in Sources */ = {isa = PBXBuildFile; fileRef = EF36B36B23F1A94400B3557C /* PlayingCardDeck.swift */; };
		EFC0BCF723F2A7DC00D32EFB /* PlayingCardView.swift in Sources */ = {isa = PBXBuildFile; fileRef = EFC0BCF623F2A7DC00D32EFB /* PlayingCardView.swift */; };
/* End PBXBuildFile section */

/* Begin PBXFileReference section */
		EF36B35123F1A4C700B3557C /* Playing Cards.app */ = {isa = PBXFileReference; explicitFileType = wrapper.application; includeInIndex = 0; path = "Playing Cards.app"; sourceTree = BUILT_PRODUCTS_DIR; };
		EF36B35423F1A4C700B3557C /* AppDelegate.swift */ = {isa = PBXFileReference; lastKnownFileType = sourcecode.swift; path = AppDelegate.swift; sourceTree = "<group>"; };
		EF36B35623F1A4C700B3557C /* SceneDelegate.swift */ = {isa = PBXFileReference; lastKnownFileType = sourcecode.swift; path = SceneDelegate.swift; sourceTree = "<group>"; };
		EF36B35823F1A4C700B3557C /* ViewController.swift */ = {isa = PBXFileReference; lastKnownFileType = sourcecode.swift; path = ViewController.swift; sourceTree = "<group>"; };
		EF36B35B23F1A4C700B3557C /* Base */ = {isa = PBXFileReference; lastKnownFileType = file.storyboard; name = Base; path = Base.lproj/Main.storyboard; sourceTree = "<group>"; };
		EF36B35D23F1A4C800B3557C /* Assets.xcassets */ = {isa = PBXFileReference; lastKnownFileType = folder.assetcatalog; path = Assets.xcassets; sourceTree = "<group>"; };
		EF36B36023F1A4C800B3557C /* Base */ = {isa = PBXFileReference; lastKnownFileType = file.storyboard; name = Base; path = Base.lproj/LaunchScreen.storyboard; sourceTree = "<group>"; };
		EF36B36223F1A4C800B3557C /* Info.plist */ = {isa = PBXFileReference; lastKnownFileType = text.plist.xml; path = Info.plist; sourceTree = "<group>"; };
		EF36B36923F1A51A00B3557C /* PlayingCard.swift */ = {isa = PBXFileReference; lastKnownFileType = sourcecode.swift; path = PlayingCard.swift; sourceTree = "<group>"; };
		EF36B36B23F1A94400B3557C /* PlayingCardDeck.swift */ = {isa = PBXFileReference; lastKnownFileType = sourcecode.swift; path = PlayingCardDeck.swift; sourceTree = "<group>"; };
		EFC0BCF623F2A7DC00D32EFB /* PlayingCardView.swift */ = {isa = PBXFileReference; lastKnownFileType = sourcecode.swift; path = PlayingCardView.swift; sourceTree = "<group>"; };
/* End PBXFileReference section */

/* Begin PBXFrameworksBuildPhase section */
		EF36B34E23F1A4C700B3557C /* Frameworks */ = {
			isa = PBXFrameworksBuildPhase;
			buildActionMask = 2147483647;
			files = (
			);
			runOnlyForDeploymentPostprocessing = 0;
		};
/* End PBXFrameworksBuildPhase section */

/* Begin PBXGroup section */
		EF36B34823F1A4C700B3557C = {
			isa = PBXGroup;
			children = (
				EF36B35323F1A4C700B3557C /* Playing Cards */,
				EF36B35223F1A4C700B3557C /* Products */,
			);
			sourceTree = "<group>";
		};
		EF36B35223F1A4C700B3557C /* Products */ = {
			isa = PBXGroup;
			children = (
				EF36B35123F1A4C700B3557C /* Playing Cards.app */,
			);
			name = Products;
			sourceTree = "<group>";
		};
		EF36B35323F1A4C700B3557C /* Playing Cards */ = {
			isa = PBXGroup;
			children = (
				EF36B35823F1A4C700B3557C /* ViewController.swift */,
				EF36B35A23F1A4C700B3557C /* Main.storyboard */,
				EF36B36923F1A51A00B3557C /* PlayingCard.swift */,
				EFC0BCF623F2A7DC00D32EFB /* PlayingCardView.swift */,
				EF36B36B23F1A94400B3557C /* PlayingCardDeck.swift */,
				EF36B35D23F1A4C800B3557C /* Assets.xcassets */,
				EF36B36823F1A4E200B3557C /* Supporting Files */,
				EF36B36223F1A4C800B3557C /* Info.plist */,
			);
			path = "Playing Cards";
			sourceTree = "<group>";
		};
		EF36B36823F1A4E200B3557C /* Supporting Files */ = {
			isa = PBXGroup;
			children = (
				EF36B35423F1A4C700B3557C /* AppDelegate.swift */,
				EF36B35623F1A4C700B3557C /* SceneDelegate.swift */,
				EF36B35F23F1A4C800B3557C /* LaunchScreen.storyboard */,
			);
			path = "Supporting Files";
			sourceTree = "<group>";
		};
/* End PBXGroup section */

/* Begin PBXNativeTarget section */
		EF36B35023F1A4C700B3557C /* Playing Cards */ = {
			isa = PBXNativeTarget;
			buildConfigurationList = EF36B36523F1A4C800B3557C /* Build configuration list for PBXNativeTarget "Playing Cards" */;
			buildPhases = (
				EF36B34D23F1A4C700B3557C /* Sources */,
				EF36B34E23F1A4C700B3557C /* Frameworks */,
				EF36B34F23F1A4C700B3557C /* Resources */,
			);
			buildRules = (
			);
			dependencies = (
			);
			name = "Playing Cards";
			productName = "Playing Cards";
			productReference = EF36B35123F1A4C700B3557C /* Playing Cards.app */;
			productType = "com.apple.product-type.application";
		};
/* End PBXNativeTarget section */

/* Begin PBXProject section */
		EF36B34923F1A4C700B3557C /* Project object */ = {
			isa = PBXProject;
			attributes = {
				LastSwiftUpdateCheck = 1130;
				LastUpgradeCheck = 1130;
				ORGANIZATIONNAME = "Nikita Kalyuzhniy";
				TargetAttributes = {
					EF36B35023F1A4C700B3557C = {
						CreatedOnToolsVersion = 11.3.1;
					};
				};
			};
			buildConfigurationList = EF36B34C23F1A4C700B3557C /* Build configuration list for PBXProject "Playing Cards" */;
			compatibilityVersion = "Xcode 9.3";
			developmentRegion = en;
			hasScannedForEncodings = 0;
			knownRegions = (
				en,
				Base,
			);
			mainGroup = EF36B34823F1A4C700B3557C;
			productRefGroup = EF36B35223F1A4C700B3557C /* Products */;
			projectDirPath = "";
			projectRoot = "";
			targets = (
				EF36B35023F1A4C700B3557C /* Playing Cards */,
			);
		};
/* End PBXProject section */

/* Begin PBXResourcesBuildPhase section */
		EF36B34F23F1A4C700B3557C /* Resources */ = {
			isa = PBXResourcesBuildPhase;
			buildActionMask = 2147483647;
			files = (
				EF36B36123F1A4C800B3557C /* LaunchScreen.storyboard in Resources */,
				EF36B35E23F1A4C800B3557C /* Assets.xcassets in Resources */,
				EF36B35C23F1A4C700B3557C /* Main.storyboard in Resources */,
			);
			runOnlyForDeploymentPostprocessing = 0;
		};
/* End PBXResourcesBuildPhase section */

/* Begin PBXSourcesBuildPhase section */
		EF36B34D23F1A4C700B3557C /* Sources */ = {
			isa = PBXSourcesBuildPhase;
			buildActionMask = 2147483647;
			files = (
				EF36B35923F1A4C700B3557C /* ViewController.swift in Sources */,
				EF36B36C23F1A94400B3557C /* PlayingCardDeck.swift in Sources */,
				EF36B35523F1A4C700B3557C /* AppDelegate.swift in Sources */,
				EF36B36A23F1A51A00B3557C /* PlayingCard.swift in Sources */,
				EF36B35723F1A4C700B3557C /* SceneDelegate.swift in Sources */,
				EFC0BCF723F2A7DC00D32EFB /* PlayingCardView.swift in Sources */,
			);
			runOnlyForDeploymentPostprocessing = 0;
		};
/* End PBXSourcesBuildPhase section */

/* Begin PBXVariantGroup section */
		EF36B35A23F1A4C700B3557C /* Main.storyboard */ = {
			isa = PBXVariantGroup;
			children = (
				EF36B35B23F1A4C700B3557C /* Base */,
			);
			name = Main.storyboard;
			sourceTree = "<group>";
		};
		EF36B35F23F1A4C800B3557C /* LaunchScreen.storyboard */ = {
			isa = PBXVariantGroup;
			children = (
				EF36B36023F1A4C800B3557C /* Base */,
			);
			name = LaunchScreen.storyboard;
			sourceTree = "<group>";
		};
/* End PBXVariantGroup section */

/* Begin XCBuildConfiguration section */
		EF36B36323F1A4C800B3557C /* Debug */ = {
			isa = XCBuildConfiguration;
			buildSettings = {
				ALWAYS_SEARCH_USER_PATHS = NO;
				CLANG_ANALYZER_NONNULL = YES;
				CLANG_ANALYZER_NUMBER_OBJECT_CONVERSION = YES_AGGRESSIVE;
				CLANG_CXX_LANGUAGE_STANDARD = "gnu++14";
				CLANG_CXX_LIBRARY = "libc++";
				CLANG_ENABLE_MODULES = YES;
				CLANG_ENABLE_OBJC_ARC = YES;
				CLANG_ENABLE_OBJC_WEAK = YES;
				CLANG_WARN_BLOCK_CAPTURE_AUTORELEASING = YES;
				CLANG_WARN_BOOL_CONVERSION = YES;
				CLANG_WARN_COMMA = YES;
				CLANG_WARN_CONSTANT_CONVERSION = YES;
				CLANG_WARN_DEPRECATED_OBJC_IMPLEMENTATIONS = YES;
				CLANG_WARN_DIRECT_OBJC_ISA_USAGE = YES_ERROR;
				CLANG_WARN_DOCUMENTATION_COMMENTS = YES;
				CLANG_WARN_EMPTY_BODY = YES;
				CLANG_WARN_ENUM_CONVERSION = YES;
				CLANG_WARN_INFINITE_RECURSION = YES;
				CLANG_WARN_INT_CONVERSION = YES;
				CLANG_WARN_NON_LITERAL_NULL_CONVERSION = YES;
				CLANG_WARN_OBJC_IMPLICIT_RETAIN_SELF = YES;
				CLANG_WARN_OBJC_LITERAL_CONVERSION = YES;
				CLANG_WARN_OBJC_ROOT_CLASS = YES_ERROR;
				CLANG_WARN_RANGE_LOOP_ANALYSIS = YES;
				CLANG_WARN_STRICT_PROTOTYPES = YES;
				CLANG_WARN_SUSPICIOUS_MOVE = YES;
				CLANG_WARN_UNGUARDED_AVAILABILITY = YES_AGGRESSIVE;
				CLANG_WARN_UNREACHABLE_CODE = YES;
				CLANG_WARN__DUPLICATE_METHOD_MATCH = YES;
				COPY_PHASE_STRIP = NO;
				DEBUG_INFORMATION_FORMAT = dwarf;
				ENABLE_STRICT_OBJC_MSGSEND = YES;
				ENABLE_TESTABILITY = YES;
				GCC_C_LANGUAGE_STANDARD = gnu11;
				GCC_DYNAMIC_NO_PIC = NO;
				GCC_NO_COMMON_BLOCKS = YES;
				GCC_OPTIMIZATION_LEVEL = 0;
				GCC_PREPROCESSOR_DEFINITIONS = (
					"DEBUG=1",
					"$(inherited)",
				);
				GCC_WARN_64_TO_32_BIT_CONVERSION = YES;
				GCC_WARN_ABOUT_RETURN_TYPE = YES_ERROR;
				GCC_WARN_UNDECLARED_SELECTOR = YES;
				GCC_WARN_UNINITIALIZED_AUTOS = YES_AGGRESSIVE;
				GCC_WARN_UNUSED_FUNCTION = YES;
				GCC_WARN_UNUSED_VARIABLE = YES;
				IPHONEOS_DEPLOYMENT_TARGET = 13.2;
				MTL_ENABLE_DEBUG_INFO = INCLUDE_SOURCE;
				MTL_FAST_MATH = YES;
				ONLY_ACTIVE_ARCH = YES;
				SDKROOT = iphoneos;
				SWIFT_ACTIVE_COMPILATION_CONDITIONS = DEBUG;
				SWIFT_OPTIMIZATION_LEVEL = "-Onone";
			};
			name = Debug;
		};
		EF36B36423F1A4C800B3557C /* Release */ = {
			isa = XCBuildConfiguration;
			buildSettings = {
				ALWAYS_SEARCH_USER_PATHS = NO;
				CLANG_ANALYZER_NONNULL = YES;
				CLANG_ANALYZER_NUMBER_OBJECT_CONVERSION = YES_AGGRESSIVE;
				CLANG_CXX_LANGUAGE_STANDARD = "gnu++14";
				CLANG_CXX_LIBRARY = "libc++";
				CLANG_ENABLE_MODULES = YES;
				CLANG_ENABLE_OBJC_ARC = YES;
				CLANG_ENABLE_OBJC_WEAK = YES;
				CLANG_WARN_BLOCK_CAPTURE_AUTORELEASING = YES;
				CLANG_WARN_BOOL_CONVERSION = YES;
				CLANG_WARN_COMMA = YES;
				CLANG_WARN_CONSTANT_CONVERSION = YES;
				CLANG_WARN_DEPRECATED_OBJC_IMPLEMENTATIONS = YES;
				CLANG_WARN_DIRECT_OBJC_ISA_USAGE = YES_ERROR;
				CLANG_WARN_DOCUMENTATION_COMMENTS = YES;
				CLANG_WARN_EMPTY_BODY = YES;
				CLANG_WARN_ENUM_CONVERSION = YES;
				CLANG_WARN_INFINITE_RECURSION = YES;
				CLANG_WARN_INT_CONVERSION = YES;
				CLANG_WARN_NON_LITERAL_NULL_CONVERSION = YES;
				CLANG_WARN_OBJC_IMPLICIT_RETAIN_SELF = YES;
				CLANG_WARN_OBJC_LITERAL_CONVERSION = YES;
				CLANG_WARN_OBJC_ROOT_CLASS = YES_ERROR;
				CLANG_WARN_RANGE_LOOP_ANALYSIS = YES;
				CLANG_WARN_STRICT_PROTOTYPES = YES;
				CLANG_WARN_SUSPICIOUS_MOVE = YES;
				CLANG_WARN_UNGUARDED_AVAILABILITY = YES_AGGRESSIVE;
				CLANG_WARN_UNREACHABLE_CODE = YES;
				CLANG_WARN__DUPLICATE_METHOD_MATCH = YES;
				COPY_PHASE_STRIP = NO;
				DEBUG_INFORMATION_FORMAT = "dwarf-with-dsym";
				ENABLE_NS_ASSERTIONS = NO;
				ENABLE_STRICT_OBJC_MSGSEND = YES;
				GCC_C_LANGUAGE_STANDARD = gnu11;
				GCC_NO_COMMON_BLOCKS = YES;
				GCC_WARN_64_TO_32_BIT_CONVERSION = YES;
				GCC_WARN_ABOUT_RETURN_TYPE = YES_ERROR;
				GCC_WARN_UNDECLARED_SELECTOR = YES;
				GCC_WARN_UNINITIALIZED_AUTOS = YES_AGGRESSIVE;
				GCC_WARN_UNUSED_FUNCTION = YES;
				GCC_WARN_UNUSED_VARIABLE = YES;
				IPHONEOS_DEPLOYMENT_TARGET = 13.2;
				MTL_ENABLE_DEBUG_INFO = NO;
				MTL_FAST_MATH = YES;
				SDKROOT = iphoneos;
				SWIFT_COMPILATION_MODE = wholemodule;
				SWIFT_OPTIMIZATION_LEVEL = "-O";
				VALIDATE_PRODUCT = YES;
			};
			name = Release;
		};
		EF36B36623F1A4C800B3557C /* Debug */ = {
			isa = XCBuildConfiguration;
			buildSettings = {
				ASSETCATALOG_COMPILER_APPICON_NAME = AppIcon;
				CODE_SIGN_STYLE = Automatic;
				INFOPLIST_FILE = "Playing Cards/Info.plist";
				LD_RUNPATH_SEARCH_PATHS = (
					"$(inherited)",
					"@executable_path/Frameworks",
				);
				PRODUCT_BUNDLE_IDENTIFIER = "com.nekit.Concentration.Playing-Cards";
				PRODUCT_NAME = "$(TARGET_NAME)";
				SWIFT_VERSION = 5.0;
				TARGETED_DEVICE_FAMILY = "1,2";
			};
			name = Debug;
		};
		EF36B36723F1A4C800B3557C /* Release */ = {
			isa = XCBuildConfiguration;
			buildSettings = {
				ASSETCATALOG_COMPILER_APPICON_NAME = AppIcon;
				CODE_SIGN_STYLE = Automatic;
				INFOPLIST_FILE = "Playing Cards/Info.plist";
				LD_RUNPATH_SEARCH_PATHS = (
					"$(inherited)",
					"@executable_path/Frameworks",
				);
				PRODUCT_BUNDLE_IDENTIFIER = "com.nekit.Concentration.Playing-Cards";
				PRODUCT_NAME = "$(TARGET_NAME)";
				SWIFT_VERSION = 5.0;
				TARGETED_DEVICE_FAMILY = "1,2";
			};
			name = Release;
		};
/* End XCBuildConfiguration section */

/* Begin XCConfigurationList section */
		EF36B34C23F1A4C700B3557C /* Build configuration list for PBXProject "Playing Cards" */ = {
			isa = XCConfigurationList;
			buildConfigurations = (
				EF36B36323F1A4C800B3557C /* Debug */,
				EF36B36423F1A4C800B3557C /* Release */,
			);
			defaultConfigurationIsVisible = 0;
			defaultConfigurationName = Release;
		};
		EF36B36523F1A4C800B3557C /* Build configuration list for PBXNativeTarget "Playing Cards" */ = {
			isa = XCConfigurationList;
			buildConfigurations = (
				EF36B36623F1A4C800B3557C /* Debug */,
				EF36B36723F1A4C800B3557C /* Release */,
			);
			defaultConfigurationIsVisible = 0;
			defaultConfigurationName = Release;
		};
/* End XCConfigurationList section */
	};
	rootObject = EF36B34923F1A4C700B3557C /* Project object */;
}
